<?xml version="1.0" encoding="UTF-8" standalone="yes" ?>
<CodeBlocks_project_file>
	<FileVersion major="1" minor="6" />
	<Project>
		<Option title="D_O Chat" />
		<Option pch_mode="2" />
		<Option compiler="gcc" />
		<Build>
			<Target title="Release">
				<Option output="bin/Release/D_OChat.exe" prefix_auto="0" extension_auto="0" />
				<Option object_output="obj/Release/" />
				<Option type="0" />
				<Option compiler="gcc" />
				<Compiler>
					<Add option="-fexpensive-optimizations" />
					<Add option="-O2" />
					<Add option="-w" />
					<Add option="-fpermissive" />
					<Add directory="../../MinGW/include" />
					<Add directory="../../SDL/include/SDL" />
					<Add directory="../../SDL/SDL_image/include" />
					<Add directory="../../SDL/SDL_gfx/include" />
					<Add directory="../../SDL/SDL_mixer/include" />
					<Add directory="../../glew/include/GL" />
					<Add directory="../../RakNet" />
				</Compiler>
				<Linker>
					<Add option="-s" />
					<Add option="-lws2_32" />
					<Add option="-lmingw32" />
					<Add option="-lSDLmain" />
					<Add option="-lSDL" />
					<Add option="-mwindows" />
					<Add option="-lwinmm" />
					<Add option="-Wl,--stack=67108864" />
					<Add library="..\..\SDL\lib\libSDL.dll.a" />
					<Add library="..\..\SDL\lib\libSDLmain.a" />
					<Add library="..\..\glew\lib\glew32s.lib" />
					<Add library="..\..\MinGW\lib\libopengl32.a" />
					<Add library="..\..\MinGW\lib\libglu32.a" />
					<Add library="..\..\SDL\SDL_image\lib\SDL_image.lib" />
					<Add library="..\..\SDL\SDL_gfx\lib\libSDL_gfx.a" />
					<Add library="..\..\SDL\SDL_mixer\lib\SDL_mixer.lib" />
					<Add directory="../../SDL/lib" />
					<Add directory="../../glew/lib" />
				</Linker>
			</Target>
		</Build>
		<Compiler>
			<Add option="-Wall" />
		</Compiler>
		<Unit filename="../../raknet/raknet/Source/AutopatcherPatchContext.h" />
		<Unit filename="../../raknet/raknet/Source/AutopatcherRepositoryInterface.h" />
		<Unit filename="../../raknet/raknet/Source/Base64Encoder.cpp" />
		<Unit filename="../../raknet/raknet/Source/Base64Encoder.h" />
		<Unit filename="../../raknet/raknet/Source/BitStream.cpp" />
		<Unit filename="../../raknet/raknet/Source/BitStream.h" />
		<Unit filename="../../raknet/raknet/Source/CCRakNetSlidingWindow.cpp" />
		<Unit filename="../../raknet/raknet/Source/CCRakNetSlidingWindow.h" />
		<Unit filename="../../raknet/raknet/Source/CCRakNetUDT.cpp" />
		<Unit filename="../../raknet/raknet/Source/CCRakNetUDT.h" />
		<Unit filename="../../raknet/raknet/Source/CheckSum.cpp" />
		<Unit filename="../../raknet/raknet/Source/CheckSum.h" />
		<Unit filename="../../raknet/raknet/Source/CloudClient.cpp" />
		<Unit filename="../../raknet/raknet/Source/CloudClient.h" />
		<Unit filename="../../raknet/raknet/Source/CloudCommon.cpp" />
		<Unit filename="../../raknet/raknet/Source/CloudCommon.h" />
		<Unit filename="../../raknet/raknet/Source/CloudServer.cpp" />
		<Unit filename="../../raknet/raknet/Source/CloudServer.h" />
		<Unit filename="../../raknet/raknet/Source/CommandParserInterface.cpp" />
		<Unit filename="../../raknet/raknet/Source/CommandParserInterface.h" />
		<Unit filename="../../raknet/raknet/Source/ConnectionGraph2.cpp" />
		<Unit filename="../../raknet/raknet/Source/ConnectionGraph2.h" />
		<Unit filename="../../raknet/raknet/Source/ConsoleServer.cpp" />
		<Unit filename="../../raknet/raknet/Source/ConsoleServer.h" />
		<Unit filename="../../raknet/raknet/Source/DS_BPlusTree.h" />
		<Unit filename="../../raknet/raknet/Source/DS_BinarySearchTree.h" />
		<Unit filename="../../raknet/raknet/Source/DS_BytePool.cpp" />
		<Unit filename="../../raknet/raknet/Source/DS_BytePool.h" />
		<Unit filename="../../raknet/raknet/Source/DS_ByteQueue.cpp" />
		<Unit filename="../../raknet/raknet/Source/DS_ByteQueue.h" />
		<Unit filename="../../raknet/raknet/Source/DS_Hash.h" />
		<Unit filename="../../raknet/raknet/Source/DS_Heap.h" />
		<Unit filename="../../raknet/raknet/Source/DS_HuffmanEncodingTree.cpp" />
		<Unit filename="../../raknet/raknet/Source/DS_HuffmanEncodingTree.h" />
		<Unit filename="../../raknet/raknet/Source/DS_HuffmanEncodingTreeFactory.h" />
		<Unit filename="../../raknet/raknet/Source/DS_HuffmanEncodingTreeNode.h" />
		<Unit filename="../../raknet/raknet/Source/DS_LinkedList.h" />
		<Unit filename="../../raknet/raknet/Source/DS_List.h" />
		<Unit filename="../../raknet/raknet/Source/DS_Map.h" />
		<Unit filename="../../raknet/raknet/Source/DS_MemoryPool.h" />
		<Unit filename="../../raknet/raknet/Source/DS_Multilist.h" />
		<Unit filename="../../raknet/raknet/Source/DS_OrderedChannelHeap.h" />
		<Unit filename="../../raknet/raknet/Source/DS_OrderedList.h" />
		<Unit filename="../../raknet/raknet/Source/DS_Queue.h" />
		<Unit filename="../../raknet/raknet/Source/DS_QueueLinkedList.h" />
		<Unit filename="../../raknet/raknet/Source/DS_RangeList.h" />
		<Unit filename="../../raknet/raknet/Source/DS_Table.cpp" />
		<Unit filename="../../raknet/raknet/Source/DS_Table.h" />
		<Unit filename="../../raknet/raknet/Source/DS_ThreadsafeAllocatingQueue.h" />
		<Unit filename="../../raknet/raknet/Source/DS_Tree.h" />
		<Unit filename="../../raknet/raknet/Source/DS_WeightedGraph.h" />
		<Unit filename="../../raknet/raknet/Source/DataCompressor.cpp" />
		<Unit filename="../../raknet/raknet/Source/DataCompressor.h" />
		<Unit filename="../../raknet/raknet/Source/DirectoryDeltaTransfer.cpp" />
		<Unit filename="../../raknet/raknet/Source/DirectoryDeltaTransfer.h" />
		<Unit filename="../../raknet/raknet/Source/DynDNS.cpp" />
		<Unit filename="../../raknet/raknet/Source/DynDNS.h" />
		<Unit filename="../../raknet/raknet/Source/EmailSender.cpp" />
		<Unit filename="../../raknet/raknet/Source/EmailSender.h" />
		<Unit filename="../../raknet/raknet/Source/EncodeClassName.cpp" />
		<Unit filename="../../raknet/raknet/Source/EpochTimeToString.cpp" />
		<Unit filename="../../raknet/raknet/Source/EpochTimeToString.h" />
		<Unit filename="../../raknet/raknet/Source/Export.h" />
		<Unit filename="../../raknet/raknet/Source/FileList.cpp" />
		<Unit filename="../../raknet/raknet/Source/FileList.h" />
		<Unit filename="../../raknet/raknet/Source/FileListNodeContext.h" />
		<Unit filename="../../raknet/raknet/Source/FileListTransfer.cpp" />
		<Unit filename="../../raknet/raknet/Source/FileListTransfer.h" />
		<Unit filename="../../raknet/raknet/Source/FileListTransferCBInterface.h" />
		<Unit filename="../../raknet/raknet/Source/FileOperations.cpp" />
		<Unit filename="../../raknet/raknet/Source/FileOperations.h" />
		<Unit filename="../../raknet/raknet/Source/FormatString.cpp" />
		<Unit filename="../../raknet/raknet/Source/FormatString.h" />
		<Unit filename="../../raknet/raknet/Source/FullyConnectedMesh2.cpp" />
		<Unit filename="../../raknet/raknet/Source/FullyConnectedMesh2.h" />
		<Unit filename="../../raknet/raknet/Source/GetTime.cpp" />
		<Unit filename="../../raknet/raknet/Source/GetTime.h" />
		<Unit filename="../../raknet/raknet/Source/Getche.cpp" />
		<Unit filename="../../raknet/raknet/Source/Getche.h" />
		<Unit filename="../../raknet/raknet/Source/Gets.cpp" />
		<Unit filename="../../raknet/raknet/Source/Gets.h" />
		<Unit filename="../../raknet/raknet/Source/GridSectorizer.cpp" />
		<Unit filename="../../raknet/raknet/Source/GridSectorizer.h" />
		<Unit filename="../../raknet/raknet/Source/HTTPConnection.cpp" />
		<Unit filename="../../raknet/raknet/Source/HTTPConnection.h" />
		<Unit filename="../../raknet/raknet/Source/HTTPConnection2.cpp" />
		<Unit filename="../../raknet/raknet/Source/HTTPConnection2.h" />
		<Unit filename="../../raknet/raknet/Source/IncrementalReadInterface.cpp" />
		<Unit filename="../../raknet/raknet/Source/IncrementalReadInterface.h" />
		<Unit filename="../../raknet/raknet/Source/InternalPacket.h" />
		<Unit filename="../../raknet/raknet/Source/Itoa.cpp" />
		<Unit filename="../../raknet/raknet/Source/Itoa.h" />
		<Unit filename="../../raknet/raknet/Source/Kbhit.h" />
		<Unit filename="../../raknet/raknet/Source/LinuxStrings.cpp" />
		<Unit filename="../../raknet/raknet/Source/LinuxStrings.h" />
		<Unit filename="../../raknet/raknet/Source/LocklessTypes.cpp" />
		<Unit filename="../../raknet/raknet/Source/LocklessTypes.h" />
		<Unit filename="../../raknet/raknet/Source/LogCommandParser.cpp" />
		<Unit filename="../../raknet/raknet/Source/LogCommandParser.h" />
		<Unit filename="../../raknet/raknet/Source/MTUSize.h" />
		<Unit filename="../../raknet/raknet/Source/MessageFilter.cpp" />
		<Unit filename="../../raknet/raknet/Source/MessageFilter.h" />
		<Unit filename="../../raknet/raknet/Source/MessageIdentifiers.h" />
		<Unit filename="../../raknet/raknet/Source/NatPunchthroughClient.cpp" />
		<Unit filename="../../raknet/raknet/Source/NatPunchthroughClient.h" />
		<Unit filename="../../raknet/raknet/Source/NatPunchthroughServer.cpp" />
		<Unit filename="../../raknet/raknet/Source/NatPunchthroughServer.h" />
		<Unit filename="../../raknet/raknet/Source/NatTypeDetectionClient.cpp" />
		<Unit filename="../../raknet/raknet/Source/NatTypeDetectionClient.h" />
		<Unit filename="../../raknet/raknet/Source/NatTypeDetectionCommon.cpp" />
		<Unit filename="../../raknet/raknet/Source/NatTypeDetectionCommon.h" />
		<Unit filename="../../raknet/raknet/Source/NatTypeDetectionServer.cpp" />
		<Unit filename="../../raknet/raknet/Source/NatTypeDetectionServer.h" />
		<Unit filename="../../raknet/raknet/Source/NativeFeatureIncludes.h" />
		<Unit filename="../../raknet/raknet/Source/NativeFeatureIncludesOverrides.h" />
		<Unit filename="../../raknet/raknet/Source/NativeTypes.h" />
		<Unit filename="../../raknet/raknet/Source/NetworkIDManager.cpp" />
		<Unit filename="../../raknet/raknet/Source/NetworkIDManager.h" />
		<Unit filename="../../raknet/raknet/Source/NetworkIDObject.cpp" />
		<Unit filename="../../raknet/raknet/Source/NetworkIDObject.h" />
		<Unit filename="../../raknet/raknet/Source/PS3Includes.h" />
		<Unit filename="../../raknet/raknet/Source/PacketConsoleLogger.cpp" />
		<Unit filename="../../raknet/raknet/Source/PacketConsoleLogger.h" />
		<Unit filename="../../raknet/raknet/Source/PacketFileLogger.cpp" />
		<Unit filename="../../raknet/raknet/Source/PacketFileLogger.h" />
		<Unit filename="../../raknet/raknet/Source/PacketLogger.cpp" />
		<Unit filename="../../raknet/raknet/Source/PacketLogger.h" />
		<Unit filename="../../raknet/raknet/Source/PacketOutputWindowLogger.cpp" />
		<Unit filename="../../raknet/raknet/Source/PacketOutputWindowLogger.h" />
		<Unit filename="../../raknet/raknet/Source/PacketPool.h" />
		<Unit filename="../../raknet/raknet/Source/PacketPriority.h" />
		<Unit filename="../../raknet/raknet/Source/PacketizedTCP.cpp" />
		<Unit filename="../../raknet/raknet/Source/PacketizedTCP.h" />
		<Unit filename="../../raknet/raknet/Source/PluginInterface2.cpp" />
		<Unit filename="../../raknet/raknet/Source/PluginInterface2.h" />
		<Unit filename="../../raknet/raknet/Source/RPC4Plugin.cpp" />
		<Unit filename="../../raknet/raknet/Source/RPC4Plugin.h" />
		<Unit filename="../../raknet/raknet/Source/Rackspace.cpp" />
		<Unit filename="../../raknet/raknet/Source/Rackspace.h" />
		<Unit filename="../../raknet/raknet/Source/RakAlloca.h" />
		<Unit filename="../../raknet/raknet/Source/RakAssert.h" />
		<Unit filename="../../raknet/raknet/Source/RakMemoryOverride.cpp" />
		<Unit filename="../../raknet/raknet/Source/RakMemoryOverride.h" />
		<Unit filename="../../raknet/raknet/Source/RakNetCommandParser.cpp" />
		<Unit filename="../../raknet/raknet/Source/RakNetCommandParser.h" />
		<Unit filename="../../raknet/raknet/Source/RakNetDefines.h" />
		<Unit filename="../../raknet/raknet/Source/RakNetDefinesOverrides.h" />
		<Unit filename="../../raknet/raknet/Source/RakNetSmartPtr.h" />
		<Unit filename="../../raknet/raknet/Source/RakNetSocket.cpp" />
		<Unit filename="../../raknet/raknet/Source/RakNetSocket.h" />
		<Unit filename="../../raknet/raknet/Source/RakNetSocket2.cpp" />
		<Unit filename="../../raknet/raknet/Source/RakNetSocket2.h" />
		<Unit filename="../../raknet/raknet/Source/RakNetSocket2_360_720.cpp" />
		<Unit filename="../../raknet/raknet/Source/RakNetSocket2_Berkley.cpp" />
		<Unit filename="../../raknet/raknet/Source/RakNetSocket2_NativeClient.cpp" />
		<Unit filename="../../raknet/raknet/Source/RakNetSocket2_PS3_PS4.cpp" />
		<Unit filename="../../raknet/raknet/Source/RakNetSocket2_Vita.cpp" />
		<Unit filename="../../raknet/raknet/Source/RakNetSocket2_Windows_Linux.cpp" />
		<Unit filename="../../raknet/raknet/Source/RakNetSocket2_Windows_Linux_360.cpp" />
		<Unit filename="../../raknet/raknet/Source/RakNetStatistics.cpp" />
		<Unit filename="../../raknet/raknet/Source/RakNetStatistics.h" />
		<Unit filename="../../raknet/raknet/Source/RakNetTime.h" />
		<Unit filename="../../raknet/raknet/Source/RakNetTransport2.cpp" />
		<Unit filename="../../raknet/raknet/Source/RakNetTransport2.h" />
		<Unit filename="../../raknet/raknet/Source/RakNetTypes.cpp" />
		<Unit filename="../../raknet/raknet/Source/RakNetTypes.h" />
		<Unit filename="../../raknet/raknet/Source/RakNetVersion.h" />
		<Unit filename="../../raknet/raknet/Source/RakPeer.cpp" />
		<Unit filename="../../raknet/raknet/Source/RakPeer.h" />
		<Unit filename="../../raknet/raknet/Source/RakPeerInterface.h" />
		<Unit filename="../../raknet/raknet/Source/RakSleep.cpp" />
		<Unit filename="../../raknet/raknet/Source/RakSleep.h" />
		<Unit filename="../../raknet/raknet/Source/RakString.cpp" />
		<Unit filename="../../raknet/raknet/Source/RakString.h" />
		<Unit filename="../../raknet/raknet/Source/RakThread.cpp" />
		<Unit filename="../../raknet/raknet/Source/RakThread.h" />
		<Unit filename="../../raknet/raknet/Source/RakWString.cpp" />
		<Unit filename="../../raknet/raknet/Source/RakWString.h" />
		<Unit filename="../../raknet/raknet/Source/Rand.cpp" />
		<Unit filename="../../raknet/raknet/Source/Rand.h" />
		<Unit filename="../../raknet/raknet/Source/ReadyEvent.cpp" />
		<Unit filename="../../raknet/raknet/Source/ReadyEvent.h" />
		<Unit filename="../../raknet/raknet/Source/RefCountedObj.h" />
		<Unit filename="../../raknet/raknet/Source/RelayPlugin.cpp" />
		<Unit filename="../../raknet/raknet/Source/RelayPlugin.h" />
		<Unit filename="../../raknet/raknet/Source/ReliabilityLayer.cpp" />
		<Unit filename="../../raknet/raknet/Source/ReliabilityLayer.h" />
		<Unit filename="../../raknet/raknet/Source/ReplicaEnums.h" />
		<Unit filename="../../raknet/raknet/Source/ReplicaManager3.cpp" />
		<Unit filename="../../raknet/raknet/Source/ReplicaManager3.h" />
		<Unit filename="../../raknet/raknet/Source/Router2.cpp" />
		<Unit filename="../../raknet/raknet/Source/Router2.h" />
		<Unit filename="../../raknet/raknet/Source/SHA1.cpp" />
		<Unit filename="../../raknet/raknet/Source/SHA1.h" />
		<Unit filename="../../raknet/raknet/Source/SecureHandshake.cpp" />
		<Unit filename="../../raknet/raknet/Source/SecureHandshake.h" />
		<Unit filename="../../raknet/raknet/Source/SendToThread.cpp" />
		<Unit filename="../../raknet/raknet/Source/SendToThread.h" />
		<Unit filename="../../raknet/raknet/Source/SignaledEvent.cpp" />
		<Unit filename="../../raknet/raknet/Source/SignaledEvent.h" />
		<Unit filename="../../raknet/raknet/Source/SimpleMutex.cpp" />
		<Unit filename="../../raknet/raknet/Source/SimpleMutex.h" />
		<Unit filename="../../raknet/raknet/Source/SimpleTCPServer.h" />
		<Unit filename="../../raknet/raknet/Source/SingleProducerConsumer.h" />
		<Unit filename="../../raknet/raknet/Source/SocketDefines.h" />
		<Unit filename="../../raknet/raknet/Source/SocketIncludes.h" />
		<Unit filename="../../raknet/raknet/Source/SocketLayer.cpp" />
		<Unit filename="../../raknet/raknet/Source/SocketLayer.h" />
		<Unit filename="../../raknet/raknet/Source/StatisticsHistory.cpp" />
		<Unit filename="../../raknet/raknet/Source/StatisticsHistory.h" />
		<Unit filename="../../raknet/raknet/Source/StringCompressor.cpp" />
		<Unit filename="../../raknet/raknet/Source/StringCompressor.h" />
		<Unit filename="../../raknet/raknet/Source/StringTable.cpp" />
		<Unit filename="../../raknet/raknet/Source/StringTable.h" />
		<Unit filename="../../raknet/raknet/Source/SuperFastHash.cpp" />
		<Unit filename="../../raknet/raknet/Source/SuperFastHash.h" />
		<Unit filename="../../raknet/raknet/Source/TCPInterface.cpp" />
		<Unit filename="../../raknet/raknet/Source/TCPInterface.h" />
		<Unit filename="../../raknet/raknet/Source/TableSerializer.cpp" />
		<Unit filename="../../raknet/raknet/Source/TableSerializer.h" />
		<Unit filename="../../raknet/raknet/Source/TeamBalancer.cpp" />
		<Unit filename="../../raknet/raknet/Source/TeamBalancer.h" />
		<Unit filename="../../raknet/raknet/Source/TeamManager.cpp" />
		<Unit filename="../../raknet/raknet/Source/TeamManager.h" />
		<Unit filename="../../raknet/raknet/Source/TelnetTransport.cpp" />
		<Unit filename="../../raknet/raknet/Source/TelnetTransport.h" />
		<Unit filename="../../raknet/raknet/Source/ThreadPool.h" />
		<Unit filename="../../raknet/raknet/Source/ThreadsafePacketLogger.cpp" />
		<Unit filename="../../raknet/raknet/Source/ThreadsafePacketLogger.h" />
		<Unit filename="../../raknet/raknet/Source/TransportInterface.h" />
		<Unit filename="../../raknet/raknet/Source/TwoWayAuthentication.cpp" />
		<Unit filename="../../raknet/raknet/Source/TwoWayAuthentication.h" />
		<Unit filename="../../raknet/raknet/Source/UDPForwarder.cpp" />
		<Unit filename="../../raknet/raknet/Source/UDPForwarder.h" />
		<Unit filename="../../raknet/raknet/Source/UDPProxyClient.cpp" />
		<Unit filename="../../raknet/raknet/Source/UDPProxyClient.h" />
		<Unit filename="../../raknet/raknet/Source/UDPProxyCommon.h" />
		<Unit filename="../../raknet/raknet/Source/UDPProxyCoordinator.cpp" />
		<Unit filename="../../raknet/raknet/Source/UDPProxyCoordinator.h" />
		<Unit filename="../../raknet/raknet/Source/UDPProxyServer.cpp" />
		<Unit filename="../../raknet/raknet/Source/UDPProxyServer.h" />
		<Unit filename="../../raknet/raknet/Source/VariableDeltaSerializer.cpp" />
		<Unit filename="../../raknet/raknet/Source/VariableDeltaSerializer.h" />
		<Unit filename="../../raknet/raknet/Source/VariableListDeltaTracker.cpp" />
		<Unit filename="../../raknet/raknet/Source/VariableListDeltaTracker.h" />
		<Unit filename="../../raknet/raknet/Source/VariadicSQLParser.cpp" />
		<Unit filename="../../raknet/raknet/Source/VariadicSQLParser.h" />
		<Unit filename="../../raknet/raknet/Source/VitaIncludes.cpp" />
		<Unit filename="../../raknet/raknet/Source/VitaIncludes.h" />
		<Unit filename="../../raknet/raknet/Source/WSAStartupSingleton.cpp" />
		<Unit filename="../../raknet/raknet/Source/WSAStartupSingleton.h" />
		<Unit filename="../../raknet/raknet/Source/WindowsIncludes.h" />
		<Unit filename="../../raknet/raknet/Source/XBox360Includes.h" />
		<Unit filename="../../raknet/raknet/Source/_FindFirst.cpp" />
		<Unit filename="../../raknet/raknet/Source/_FindFirst.h" />
		<Unit filename="../../raknet/raknet/Source/gettimeofday.cpp" />
		<Unit filename="../../raknet/raknet/Source/gettimeofday.h" />
		<Unit filename="MersenneTwister.h" />
		<Unit filename="client.cpp" />
		<Unit filename="client.h" />
		<Unit filename="client_data.h" />
		<Unit filename="enumerations.h" />
		<Unit filename="font.cpp" />
		<Unit filename="font.h" />
		<Unit filename="game_window.cpp" />
		<Unit filename="game_window.h" />
		<Unit filename="image.cpp" />
		<Unit filename="image.h" />
		<Unit filename="image_data.h" />
		<Unit filename="main.cpp" />
		<Unit filename="main.h" />
		<Unit filename="network.cpp" />
		<Unit filename="network.h" />
		<Unit filename="pixels.cpp" />
		<Unit filename="pixels.h" />
		<Unit filename="quit.cpp" />
		<Unit filename="quit.h" />
		<Unit filename="random_number_generator.cpp" />
		<Unit filename="random_number_generator.h" />
		<Unit filename="render.cpp" />
		<Unit filename="render.h" />
		<Unit filename="string_input.cpp" />
		<Unit filename="string_input.h" />
		<Unit filename="timer.cpp" />
		<Unit filename="timer.h" />
		<Unit filename="world.cpp" />
		<Unit filename="world.h" />
		<Extensions>
			<code_completion />
			<envvars />
			<debugger />
			<lib_finder disable_auto="1" />
		</Extensions>
	</Project>
</CodeBlocks_project_file>
