<?xml version="1.0" encoding="UTF-8" standalone="yes" ?>
<CodeBlocks_project_file>
	<FileVersion major="1" minor="6" />
	<Project>
		<Option title="D_O Chat" />
		<Option pch_mode="2" />
		<Option compiler="gcc" />
		<Build>
			<Target title="Release">
				<Option output="bin\Release\D_OChat.exe" prefix_auto="0" extension_auto="0" />
				<Option working_dir="" />
				<Option object_output="obj\Release\" />
				<Option type="5" />
				<Option compiler="gcc" />
				<Compiler>
					<Add option="-fexpensive-optimizations" />
					<Add option="-O2" />
					<Add option="-w" />
					<Add directory="..\..\MinGW\include" />
					<Add directory="..\..\SDL\include\SDL" />
					<Add directory="..\..\SDL\SDL_image\include" />
					<Add directory="..\..\SDL\SDL_gfx\include" />
					<Add directory="..\..\SDL\SDL_mixer\include" />
					<Add directory="..\..\glew\include\GL" />
					<Add directory="..\..\RakNet" />
				</Compiler>
				<Linker>
					<Add option="-s" />
					<Add option="-lws2_32" />
					<Add option="-lmingw32" />
					<Add option="-lSDLmain" />
					<Add option="-lSDL" />
					<Add option="-mwindows" />
					<Add option="-lwinmm" />
					<Add option="-Wl,--stack=67108864" />
					<Add library="..\..\SDL\lib\libSDL.dll.a" />
					<Add library="..\..\SDL\lib\libSDLmain.a" />
					<Add library="..\..\glew\lib\glew32s.lib" />
					<Add library="..\..\MinGW\lib\libopengl32.a" />
					<Add library="..\..\MinGW\lib\libglu32.a" />
					<Add library="..\..\SDL\SDL_image\lib\SDL_image.lib" />
					<Add library="..\..\SDL\SDL_gfx\lib\libSDL_gfx.a" />
					<Add library="..\..\SDL\SDL_mixer\lib\SDL_mixer.lib" />
					<Add directory="..\..\SDL\lib" />
					<Add directory="..\..\glew\lib" />
				</Linker>
			</Target>
		</Build>
		<Compiler>
			<Add option="-Wall" />
		</Compiler>
		<Unit filename="..\..\RakNet\Raknet\Source\AutopatcherPatchContext.h" />
		<Unit filename="..\..\RakNet\Raknet\Source\AutopatcherRepositoryInterface.h" />
		<Unit filename="..\..\RakNet\Raknet\Source\BitStream.cpp" />
		<Unit filename="..\..\RakNet\Raknet\Source\BitStream.h" />
		<Unit filename="..\..\RakNet\Raknet\Source\CCRakNetSlidingWindow.cpp" />
		<Unit filename="..\..\RakNet\Raknet\Source\CCRakNetSlidingWindow.h" />
		<Unit filename="..\..\RakNet\Raknet\Source\CCRakNetUDT.cpp" />
		<Unit filename="..\..\RakNet\Raknet\Source\CCRakNetUDT.h" />
		<Unit filename="..\..\RakNet\Raknet\Source\CheckSum.cpp" />
		<Unit filename="..\..\RakNet\Raknet\Source\CheckSum.h" />
		<Unit filename="..\..\RakNet\Raknet\Source\CloudClient.cpp" />
		<Unit filename="..\..\RakNet\Raknet\Source\CloudClient.h" />
		<Unit filename="..\..\RakNet\Raknet\Source\CloudCommon.cpp" />
		<Unit filename="..\..\RakNet\Raknet\Source\CloudCommon.h" />
		<Unit filename="..\..\RakNet\Raknet\Source\CloudServer.cpp" />
		<Unit filename="..\..\RakNet\Raknet\Source\CloudServer.h" />
		<Unit filename="..\..\RakNet\Raknet\Source\CommandParserInterface.cpp" />
		<Unit filename="..\..\RakNet\Raknet\Source\CommandParserInterface.h" />
		<Unit filename="..\..\RakNet\Raknet\Source\ConnectionGraph2.cpp" />
		<Unit filename="..\..\RakNet\Raknet\Source\ConnectionGraph2.h" />
		<Unit filename="..\..\RakNet\Raknet\Source\ConsoleServer.cpp" />
		<Unit filename="..\..\RakNet\Raknet\Source\ConsoleServer.h" />
		<Unit filename="..\..\RakNet\Raknet\Source\DS_BPlusTree.h" />
		<Unit filename="..\..\RakNet\Raknet\Source\DS_BinarySearchTree.h" />
		<Unit filename="..\..\RakNet\Raknet\Source\DS_BytePool.cpp" />
		<Unit filename="..\..\RakNet\Raknet\Source\DS_BytePool.h" />
		<Unit filename="..\..\RakNet\Raknet\Source\DS_ByteQueue.cpp" />
		<Unit filename="..\..\RakNet\Raknet\Source\DS_ByteQueue.h" />
		<Unit filename="..\..\RakNet\Raknet\Source\DS_Hash.h" />
		<Unit filename="..\..\RakNet\Raknet\Source\DS_Heap.h" />
		<Unit filename="..\..\RakNet\Raknet\Source\DS_HuffmanEncodingTree.cpp" />
		<Unit filename="..\..\RakNet\Raknet\Source\DS_HuffmanEncodingTree.h" />
		<Unit filename="..\..\RakNet\Raknet\Source\DS_HuffmanEncodingTreeFactory.h" />
		<Unit filename="..\..\RakNet\Raknet\Source\DS_HuffmanEncodingTreeNode.h" />
		<Unit filename="..\..\RakNet\Raknet\Source\DS_LinkedList.h" />
		<Unit filename="..\..\RakNet\Raknet\Source\DS_List.h" />
		<Unit filename="..\..\RakNet\Raknet\Source\DS_Map.h" />
		<Unit filename="..\..\RakNet\Raknet\Source\DS_MemoryPool.h" />
		<Unit filename="..\..\RakNet\Raknet\Source\DS_Multilist.h" />
		<Unit filename="..\..\RakNet\Raknet\Source\DS_OrderedChannelHeap.h" />
		<Unit filename="..\..\RakNet\Raknet\Source\DS_OrderedList.h" />
		<Unit filename="..\..\RakNet\Raknet\Source\DS_Queue.h" />
		<Unit filename="..\..\RakNet\Raknet\Source\DS_QueueLinkedList.h" />
		<Unit filename="..\..\RakNet\Raknet\Source\DS_RangeList.h" />
		<Unit filename="..\..\RakNet\Raknet\Source\DS_Table.cpp" />
		<Unit filename="..\..\RakNet\Raknet\Source\DS_Table.h" />
		<Unit filename="..\..\RakNet\Raknet\Source\DS_ThreadsafeAllocatingQueue.h" />
		<Unit filename="..\..\RakNet\Raknet\Source\DS_Tree.h" />
		<Unit filename="..\..\RakNet\Raknet\Source\DS_WeightedGraph.h" />
		<Unit filename="..\..\RakNet\Raknet\Source\DataCompressor.cpp" />
		<Unit filename="..\..\RakNet\Raknet\Source\DataCompressor.h" />
		<Unit filename="..\..\RakNet\Raknet\Source\DirectoryDeltaTransfer.cpp" />
		<Unit filename="..\..\RakNet\Raknet\Source\DirectoryDeltaTransfer.h" />
		<Unit filename="..\..\RakNet\Raknet\Source\DynDNS.cpp" />
		<Unit filename="..\..\RakNet\Raknet\Source\DynDNS.h" />
		<Unit filename="..\..\RakNet\Raknet\Source\EmailSender.cpp" />
		<Unit filename="..\..\RakNet\Raknet\Source\EmailSender.h" />
		<Unit filename="..\..\RakNet\Raknet\Source\EncodeClassName.cpp" />
		<Unit filename="..\..\RakNet\Raknet\Source\EpochTimeToString.cpp" />
		<Unit filename="..\..\RakNet\Raknet\Source\EpochTimeToString.h" />
		<Unit filename="..\..\RakNet\Raknet\Source\Export.h" />
		<Unit filename="..\..\RakNet\Raknet\Source\FileList.cpp" />
		<Unit filename="..\..\RakNet\Raknet\Source\FileList.h" />
		<Unit filename="..\..\RakNet\Raknet\Source\FileListNodeContext.h" />
		<Unit filename="..\..\RakNet\Raknet\Source\FileListTransfer.cpp" />
		<Unit filename="..\..\RakNet\Raknet\Source\FileListTransfer.h" />
		<Unit filename="..\..\RakNet\Raknet\Source\FileListTransferCBInterface.h" />
		<Unit filename="..\..\RakNet\Raknet\Source\FileOperations.cpp" />
		<Unit filename="..\..\RakNet\Raknet\Source\FileOperations.h" />
		<Unit filename="..\..\RakNet\Raknet\Source\FormatString.cpp" />
		<Unit filename="..\..\RakNet\Raknet\Source\FormatString.h" />
		<Unit filename="..\..\RakNet\Raknet\Source\FullyConnectedMesh2.cpp" />
		<Unit filename="..\..\RakNet\Raknet\Source\FullyConnectedMesh2.h" />
		<Unit filename="..\..\RakNet\Raknet\Source\GetTime.cpp" />
		<Unit filename="..\..\RakNet\Raknet\Source\GetTime.h" />
		<Unit filename="..\..\RakNet\Raknet\Source\Getche.cpp" />
		<Unit filename="..\..\RakNet\Raknet\Source\Getche.h" />
		<Unit filename="..\..\RakNet\Raknet\Source\Gets.cpp" />
		<Unit filename="..\..\RakNet\Raknet\Source\Gets.h" />
		<Unit filename="..\..\RakNet\Raknet\Source\GridSectorizer.cpp" />
		<Unit filename="..\..\RakNet\Raknet\Source\GridSectorizer.h" />
		<Unit filename="..\..\RakNet\Raknet\Source\HTTPConnection.cpp" />
		<Unit filename="..\..\RakNet\Raknet\Source\HTTPConnection.h" />
		<Unit filename="..\..\RakNet\Raknet\Source\IncrementalReadInterface.cpp" />
		<Unit filename="..\..\RakNet\Raknet\Source\IncrementalReadInterface.h" />
		<Unit filename="..\..\RakNet\Raknet\Source\InternalPacket.h" />
		<Unit filename="..\..\RakNet\Raknet\Source\Itoa.cpp" />
		<Unit filename="..\..\RakNet\Raknet\Source\Itoa.h" />
		<Unit filename="..\..\RakNet\Raknet\Source\Kbhit.h" />
		<Unit filename="..\..\RakNet\Raknet\Source\LinuxStrings.cpp" />
		<Unit filename="..\..\RakNet\Raknet\Source\LinuxStrings.h" />
		<Unit filename="..\..\RakNet\Raknet\Source\LocklessTypes.cpp" />
		<Unit filename="..\..\RakNet\Raknet\Source\LocklessTypes.h" />
		<Unit filename="..\..\RakNet\Raknet\Source\LogCommandParser.cpp" />
		<Unit filename="..\..\RakNet\Raknet\Source\LogCommandParser.h" />
		<Unit filename="..\..\RakNet\Raknet\Source\MTUSize.h" />
		<Unit filename="..\..\RakNet\Raknet\Source\MessageFilter.cpp" />
		<Unit filename="..\..\RakNet\Raknet\Source\MessageFilter.h" />
		<Unit filename="..\..\RakNet\Raknet\Source\MessageIdentifiers.h" />
		<Unit filename="..\..\RakNet\Raknet\Source\NatPunchthroughClient.cpp" />
		<Unit filename="..\..\RakNet\Raknet\Source\NatPunchthroughClient.h" />
		<Unit filename="..\..\RakNet\Raknet\Source\NatPunchthroughServer.cpp" />
		<Unit filename="..\..\RakNet\Raknet\Source\NatPunchthroughServer.h" />
		<Unit filename="..\..\RakNet\Raknet\Source\NatTypeDetectionClient.cpp" />
		<Unit filename="..\..\RakNet\Raknet\Source\NatTypeDetectionClient.h" />
		<Unit filename="..\..\RakNet\Raknet\Source\NatTypeDetectionCommon.cpp" />
		<Unit filename="..\..\RakNet\Raknet\Source\NatTypeDetectionCommon.h" />
		<Unit filename="..\..\RakNet\Raknet\Source\NatTypeDetectionServer.cpp" />
		<Unit filename="..\..\RakNet\Raknet\Source\NatTypeDetectionServer.h" />
		<Unit filename="..\..\RakNet\Raknet\Source\NativeFeatureIncludes.h" />
		<Unit filename="..\..\RakNet\Raknet\Source\NativeFeatureIncludesOverrides.h" />
		<Unit filename="..\..\RakNet\Raknet\Source\NativeTypes.h" />
		<Unit filename="..\..\RakNet\Raknet\Source\NetworkIDManager.cpp" />
		<Unit filename="..\..\RakNet\Raknet\Source\NetworkIDManager.h" />
		<Unit filename="..\..\RakNet\Raknet\Source\NetworkIDObject.cpp" />
		<Unit filename="..\..\RakNet\Raknet\Source\NetworkIDObject.h" />
		<Unit filename="..\..\RakNet\Raknet\Source\PS3Includes.h" />
		<Unit filename="..\..\RakNet\Raknet\Source\PacketConsoleLogger.cpp" />
		<Unit filename="..\..\RakNet\Raknet\Source\PacketConsoleLogger.h" />
		<Unit filename="..\..\RakNet\Raknet\Source\PacketFileLogger.cpp" />
		<Unit filename="..\..\RakNet\Raknet\Source\PacketFileLogger.h" />
		<Unit filename="..\..\RakNet\Raknet\Source\PacketLogger.cpp" />
		<Unit filename="..\..\RakNet\Raknet\Source\PacketLogger.h" />
		<Unit filename="..\..\RakNet\Raknet\Source\PacketOutputWindowLogger.cpp" />
		<Unit filename="..\..\RakNet\Raknet\Source\PacketOutputWindowLogger.h" />
		<Unit filename="..\..\RakNet\Raknet\Source\PacketPool.h" />
		<Unit filename="..\..\RakNet\Raknet\Source\PacketPriority.h" />
		<Unit filename="..\..\RakNet\Raknet\Source\PacketizedTCP.cpp" />
		<Unit filename="..\..\RakNet\Raknet\Source\PacketizedTCP.h" />
		<Unit filename="..\..\RakNet\Raknet\Source\PluginInterface2.cpp" />
		<Unit filename="..\..\RakNet\Raknet\Source\PluginInterface2.h" />
		<Unit filename="..\..\RakNet\Raknet\Source\RPC4Plugin.cpp" />
		<Unit filename="..\..\RakNet\Raknet\Source\RPC4Plugin.h" />
		<Unit filename="..\..\RakNet\Raknet\Source\Rackspace.cpp" />
		<Unit filename="..\..\RakNet\Raknet\Source\Rackspace.h" />
		<Unit filename="..\..\RakNet\Raknet\Source\RakAlloca.h" />
		<Unit filename="..\..\RakNet\Raknet\Source\RakAssert.h" />
		<Unit filename="..\..\RakNet\Raknet\Source\RakMemoryOverride.cpp" />
		<Unit filename="..\..\RakNet\Raknet\Source\RakMemoryOverride.h" />
		<Unit filename="..\..\RakNet\Raknet\Source\RakNetCommandParser.cpp" />
		<Unit filename="..\..\RakNet\Raknet\Source\RakNetCommandParser.h" />
		<Unit filename="..\..\RakNet\Raknet\Source\RakNetDefines.h" />
		<Unit filename="..\..\RakNet\Raknet\Source\RakNetDefinesOverrides.h" />
		<Unit filename="..\..\RakNet\Raknet\Source\RakNetSmartPtr.h" />
		<Unit filename="..\..\RakNet\Raknet\Source\RakNetSocket.cpp" />
		<Unit filename="..\..\RakNet\Raknet\Source\RakNetSocket.h" />
		<Unit filename="..\..\RakNet\Raknet\Source\RakNetStatistics.cpp" />
		<Unit filename="..\..\RakNet\Raknet\Source\RakNetStatistics.h" />
		<Unit filename="..\..\RakNet\Raknet\Source\RakNetTime.h" />
		<Unit filename="..\..\RakNet\Raknet\Source\RakNetTransport2.cpp" />
		<Unit filename="..\..\RakNet\Raknet\Source\RakNetTransport2.h" />
		<Unit filename="..\..\RakNet\Raknet\Source\RakNetTypes.cpp" />
		<Unit filename="..\..\RakNet\Raknet\Source\RakNetTypes.h" />
		<Unit filename="..\..\RakNet\Raknet\Source\RakNetVersion.h" />
		<Unit filename="..\..\RakNet\Raknet\Source\RakPeer.cpp" />
		<Unit filename="..\..\RakNet\Raknet\Source\RakPeer.h" />
		<Unit filename="..\..\RakNet\Raknet\Source\RakPeerInterface.h" />
		<Unit filename="..\..\RakNet\Raknet\Source\RakSleep.cpp" />
		<Unit filename="..\..\RakNet\Raknet\Source\RakSleep.h" />
		<Unit filename="..\..\RakNet\Raknet\Source\RakString.cpp" />
		<Unit filename="..\..\RakNet\Raknet\Source\RakString.h" />
		<Unit filename="..\..\RakNet\Raknet\Source\RakThread.cpp" />
		<Unit filename="..\..\RakNet\Raknet\Source\RakThread.h" />
		<Unit filename="..\..\RakNet\Raknet\Source\RakWString.cpp" />
		<Unit filename="..\..\RakNet\Raknet\Source\RakWString.h" />
		<Unit filename="..\..\RakNet\Raknet\Source\Rand.cpp" />
		<Unit filename="..\..\RakNet\Raknet\Source\Rand.h" />
		<Unit filename="..\..\RakNet\Raknet\Source\ReadyEvent.cpp" />
		<Unit filename="..\..\RakNet\Raknet\Source\ReadyEvent.h" />
		<Unit filename="..\..\RakNet\Raknet\Source\RefCountedObj.h" />
		<Unit filename="..\..\RakNet\Raknet\Source\ReliabilityLayer.cpp" />
		<Unit filename="..\..\RakNet\Raknet\Source\ReliabilityLayer.h" />
		<Unit filename="..\..\RakNet\Raknet\Source\ReplicaEnums.h" />
		<Unit filename="..\..\RakNet\Raknet\Source\ReplicaManager3.cpp" />
		<Unit filename="..\..\RakNet\Raknet\Source\ReplicaManager3.h" />
		<Unit filename="..\..\RakNet\Raknet\Source\Router2.cpp" />
		<Unit filename="..\..\RakNet\Raknet\Source\Router2.h" />
		<Unit filename="..\..\RakNet\Raknet\Source\SHA1.cpp" />
		<Unit filename="..\..\RakNet\Raknet\Source\SHA1.h" />
		<Unit filename="..\..\RakNet\Raknet\Source\SecureHandshake.cpp" />
		<Unit filename="..\..\RakNet\Raknet\Source\SecureHandshake.h" />
		<Unit filename="..\..\RakNet\Raknet\Source\SendToThread.cpp" />
		<Unit filename="..\..\RakNet\Raknet\Source\SendToThread.h" />
		<Unit filename="..\..\RakNet\Raknet\Source\SignaledEvent.cpp" />
		<Unit filename="..\..\RakNet\Raknet\Source\SignaledEvent.h" />
		<Unit filename="..\..\RakNet\Raknet\Source\SimpleMutex.cpp" />
		<Unit filename="..\..\RakNet\Raknet\Source\SimpleMutex.h" />
		<Unit filename="..\..\RakNet\Raknet\Source\SimpleTCPServer.h" />
		<Unit filename="..\..\RakNet\Raknet\Source\SingleProducerConsumer.h" />
		<Unit filename="..\..\RakNet\Raknet\Source\SocketDefines.h" />
		<Unit filename="..\..\RakNet\Raknet\Source\SocketIncludes.h" />
		<Unit filename="..\..\RakNet\Raknet\Source\SocketLayer.cpp" />
		<Unit filename="..\..\RakNet\Raknet\Source\SocketLayer.h" />
		<Unit filename="..\..\RakNet\Raknet\Source\StatisticsHistory.cpp" />
		<Unit filename="..\..\RakNet\Raknet\Source\StatisticsHistory.h" />
		<Unit filename="..\..\RakNet\Raknet\Source\StringCompressor.cpp" />
		<Unit filename="..\..\RakNet\Raknet\Source\StringCompressor.h" />
		<Unit filename="..\..\RakNet\Raknet\Source\StringTable.cpp" />
		<Unit filename="..\..\RakNet\Raknet\Source\StringTable.h" />
		<Unit filename="..\..\RakNet\Raknet\Source\SuperFastHash.cpp" />
		<Unit filename="..\..\RakNet\Raknet\Source\SuperFastHash.h" />
		<Unit filename="..\..\RakNet\Raknet\Source\TCPInterface.cpp" />
		<Unit filename="..\..\RakNet\Raknet\Source\TCPInterface.h" />
		<Unit filename="..\..\RakNet\Raknet\Source\TableSerializer.cpp" />
		<Unit filename="..\..\RakNet\Raknet\Source\TableSerializer.h" />
		<Unit filename="..\..\RakNet\Raknet\Source\TeamBalancer.cpp" />
		<Unit filename="..\..\RakNet\Raknet\Source\TeamBalancer.h" />
		<Unit filename="..\..\RakNet\Raknet\Source\TeamManager.cpp" />
		<Unit filename="..\..\RakNet\Raknet\Source\TeamManager.h" />
		<Unit filename="..\..\RakNet\Raknet\Source\TelnetTransport.cpp" />
		<Unit filename="..\..\RakNet\Raknet\Source\TelnetTransport.h" />
		<Unit filename="..\..\RakNet\Raknet\Source\ThreadPool.h" />
		<Unit filename="..\..\RakNet\Raknet\Source\ThreadsafePacketLogger.cpp" />
		<Unit filename="..\..\RakNet\Raknet\Source\ThreadsafePacketLogger.h" />
		<Unit filename="..\..\RakNet\Raknet\Source\TransportInterface.h" />
		<Unit filename="..\..\RakNet\Raknet\Source\TwoWayAuthentication.cpp" />
		<Unit filename="..\..\RakNet\Raknet\Source\TwoWayAuthentication.h" />
		<Unit filename="..\..\RakNet\Raknet\Source\UDPForwarder.cpp" />
		<Unit filename="..\..\RakNet\Raknet\Source\UDPForwarder.h" />
		<Unit filename="..\..\RakNet\Raknet\Source\UDPProxyClient.cpp" />
		<Unit filename="..\..\RakNet\Raknet\Source\UDPProxyClient.h" />
		<Unit filename="..\..\RakNet\Raknet\Source\UDPProxyCommon.h" />
		<Unit filename="..\..\RakNet\Raknet\Source\UDPProxyCoordinator.cpp" />
		<Unit filename="..\..\RakNet\Raknet\Source\UDPProxyCoordinator.h" />
		<Unit filename="..\..\RakNet\Raknet\Source\UDPProxyServer.cpp" />
		<Unit filename="..\..\RakNet\Raknet\Source\UDPProxyServer.h" />
		<Unit filename="..\..\RakNet\Raknet\Source\VariableDeltaSerializer.cpp" />
		<Unit filename="..\..\RakNet\Raknet\Source\VariableDeltaSerializer.h" />
		<Unit filename="..\..\RakNet\Raknet\Source\VariableListDeltaTracker.cpp" />
		<Unit filename="..\..\RakNet\Raknet\Source\VariableListDeltaTracker.h" />
		<Unit filename="..\..\RakNet\Raknet\Source\VariadicSQLParser.cpp" />
		<Unit filename="..\..\RakNet\Raknet\Source\VariadicSQLParser.h" />
		<Unit filename="..\..\RakNet\Raknet\Source\VitaIncludes.cpp" />
		<Unit filename="..\..\RakNet\Raknet\Source\VitaIncludes.h" />
		<Unit filename="..\..\RakNet\Raknet\Source\WSAStartupSingleton.cpp" />
		<Unit filename="..\..\RakNet\Raknet\Source\WSAStartupSingleton.h" />
		<Unit filename="..\..\RakNet\Raknet\Source\WindowsIncludes.h" />
		<Unit filename="..\..\RakNet\Raknet\Source\XBox360Includes.h" />
		<Unit filename="..\..\RakNet\Raknet\Source\_FindFirst.cpp" />
		<Unit filename="..\..\RakNet\Raknet\Source\_FindFirst.h" />
		<Unit filename="..\..\RakNet\Raknet\Source\gettimeofday.cpp" />
		<Unit filename="..\..\RakNet\Raknet\Source\gettimeofday.h" />
		<Unit filename="..\..\RakNet\Raknet\Source\rdlmalloc-options.h" />
		<Unit filename="..\..\RakNet\Raknet\Source\rdlmalloc.cpp" />
		<Unit filename="..\..\RakNet\Raknet\Source\rdlmalloc.h" />
		<Unit filename="MersenneTwister.h" />
		<Unit filename="client.cpp" />
		<Unit filename="client.h" />
		<Unit filename="client_data.h" />
		<Unit filename="enumerations.h" />
		<Unit filename="font.cpp" />
		<Unit filename="font.h" />
		<Unit filename="game_window.cpp" />
		<Unit filename="game_window.h" />
		<Unit filename="image.cpp" />
		<Unit filename="image.h" />
		<Unit filename="image_data.h" />
		<Unit filename="main.cpp" />
		<Unit filename="main.h" />
		<Unit filename="network.cpp" />
		<Unit filename="network.h" />
		<Unit filename="pixels.cpp" />
		<Unit filename="pixels.h" />
		<Unit filename="quit.cpp" />
		<Unit filename="quit.h" />
		<Unit filename="random_number_generator.cpp" />
		<Unit filename="random_number_generator.h" />
		<Unit filename="render.cpp" />
		<Unit filename="render.h" />
		<Unit filename="string_input.cpp" />
		<Unit filename="string_input.h" />
		<Unit filename="timer.cpp" />
		<Unit filename="timer.h" />
		<Unit filename="world.cpp" />
		<Unit filename="world.h" />
		<Extensions>
			<code_completion />
			<envvars />
			<debugger />
			<lib_finder disable_auto="1" />
		</Extensions>
	</Project>
</CodeBlocks_project_file>
